// !$*UTF8*$!
{
	archiveVersion = 1;
	classes = {
	};
	objectVersion = 46;
	objects = {

/* Begin PBXBuildFile section */
		55EC733B1B9401E30070890A /* main.m in Sources */ = {isa = PBXBuildFile; fileRef = 55EC733A1B9401E30070890A /* main.m */; };
		55EC733E1B9401E30070890A /* AppDelegate.m in Sources */ = {isa = PBXBuildFile; fileRef = 55EC733D1B9401E30070890A /* AppDelegate.m */; };
		55EC73411B9401E30070890A /* ViewController.m in Sources */ = {isa = PBXBuildFile; fileRef = 55EC73401B9401E30070890A /* ViewController.m */; };
		55EC73441B9401E40070890A /* Main.storyboard in Resources */ = {isa = PBXBuildFile; fileRef = 55EC73421B9401E40070890A /* Main.storyboard */; };
		55EC73461B9401E40070890A /* Images.xcassets in Resources */ = {isa = PBXBuildFile; fileRef = 55EC73451B9401E40070890A /* Images.xcassets */; };
		55EC73491B9401E40070890A /* LaunchScreen.xib in Resources */ = {isa = PBXBuildFile; fileRef = 55EC73471B9401E40070890A /* LaunchScreen.xib */; };
		55EC73551B9401E40070890A /* RUQTabbedScrollViewTests.m in Sources */ = {isa = PBXBuildFile; fileRef = 55EC73541B9401E40070890A /* RUQTabbedScrollViewTests.m */; };
/* End PBXBuildFile section */

/* Begin PBXContainerItemProxy section */
		55EC734F1B9401E40070890A /* PBXContainerItemProxy */ = {
			isa = PBXContainerItemProxy;
			containerPortal = 55EC732D1B9401E30070890A /* Project object */;
			proxyType = 1;
			remoteGlobalIDString = 55EC73341B9401E30070890A;
			remoteInfo = RUQTabbedScrollView;
		};
/* End PBXContainerItemProxy section */

/* Begin PBXFileReference section */
		55EC73351B9401E30070890A /* RUQTabbedScrollView.app */ = {isa = PBXFileReference; explicitFileType = wrapper.application; includeInIndex = 0; path = RUQTabbedScrollView.app; sourceTree = BUILT_PRODUCTS_DIR; };
		55EC73391B9401E30070890A /* Info.plist */ = {isa = PBXFileReference; lastKnownFileType = text.plist.xml; path = Info.plist; sourceTree = "<group>"; };
		55EC733A1B9401E30070890A /* main.m */ = {isa = PBXFileReference; lastKnownFileType = sourcecode.c.objc; path = main.m; sourceTree = "<group>"; };
		55EC733C1B9401E30070890A /* AppDelegate.h */ = {isa = PBXFileReference; lastKnownFileType = sourcecode.c.h; path = AppDelegate.h; sourceTree = "<group>"; };
		55EC733D1B9401E30070890A /* AppDelegate.m */ = {isa = PBXFileReference; lastKnownFileType = sourcecode.c.objc; path = AppDelegate.m; sourceTree = "<group>"; };
		55EC733F1B9401E30070890A /* ViewController.h */ = {isa = PBXFileReference; lastKnownFileType = sourcecode.c.h; path = ViewController.h; sourceTree = "<group>"; };
		55EC73401B9401E30070890A /* ViewController.m */ = {isa = PBXFileReference; lastKnownFileType = sourcecode.c.objc; path = ViewController.m; sourceTree = "<group>"; };
		55EC73431B9401E40070890A /* Base */ = {isa = PBXFileReference; lastKnownFileType = file.storyboard; name = Base; path = Base.lproj/Main.storyboard; sourceTree = "<group>"; };
		55EC73451B9401E40070890A /* Images.xcassets */ = {isa = PBXFileReference; lastKnownFileType = folder.assetcatalog; path = Images.xcassets; sourceTree = "<group>"; };
		55EC73481B9401E40070890A /* Base */ = {isa = PBXFileReference; lastKnownFileType = file.xib; name = Base; path = Base.lproj/LaunchScreen.xib; sourceTree = "<group>"; };
		55EC734E1B9401E40070890A /* RUQTabbedScrollViewTests.xctest */ = {isa = PBXFileReference; explicitFileType = wrapper.cfbundle; includeInIndex = 0; path = RUQTabbedScrollViewTests.xctest; sourceTree = BUILT_PRODUCTS_DIR; };
		55EC73531B9401E40070890A /* Info.plist */ = {isa = PBXFileReference; lastKnownFileType = text.plist.xml; path = Info.plist; sourceTree = "<group>"; };
		55EC73541B9401E40070890A /* RUQTabbedScrollViewTests.m */ = {isa = PBXFileReference; lastKnownFileType = sourcecode.c.objc; path = RUQTabbedScrollViewTests.m; sourceTree = "<group>"; };
/* End PBXFileReference section */

/* Begin PBXFrameworksBuildPhase section */
		55EC73321B9401E30070890A /* Frameworks */ = {
			isa = PBXFrameworksBuildPhase;
			buildActionMask = 2147483647;
			files = (
			);
			runOnlyForDeploymentPostprocessing = 0;
		};
		55EC734B1B9401E40070890A /* Frameworks */ = {
			isa = PBXFrameworksBuildPhase;
			buildActionMask = 2147483647;
			files = (
			);
			runOnlyForDeploymentPostprocessing = 0;
		};
/* End PBXFrameworksBuildPhase section */

/* Begin PBXGroup section */
		55EC732C1B9401E30070890A = {
			isa = PBXGroup;
			children = (
				55EC73371B9401E30070890A /* RUQTabbedScrollView */,
				55EC73511B9401E40070890A /* RUQTabbedScrollViewTests */,
				55EC73361B9401E30070890A /* Products */,
			);
			sourceTree = "<group>";
		};
		55EC73361B9401E30070890A /* Products */ = {
			isa = PBXGroup;
			children = (
				55EC73351B9401E30070890A /* RUQTabbedScrollView.app */,
				55EC734E1B9401E40070890A /* RUQTabbedScrollViewTests.xctest */,
			);
			name = Products;
			sourceTree = "<group>";
		};
		55EC73371B9401E30070890A /* RUQTabbedScrollView */ = {
			isa = PBXGroup;
			children = (
				55EC733C1B9401E30070890A /* AppDelegate.h */,
				55EC733D1B9401E30070890A /* AppDelegate.m */,
				55EC733F1B9401E30070890A /* ViewController.h */,
				55EC73401B9401E30070890A /* ViewController.m */,
				55EC73421B9401E40070890A /* Main.storyboard */,
				55EC73451B9401E40070890A /* Images.xcassets */,
				55EC73471B9401E40070890A /* LaunchScreen.xib */,
				55EC73381B9401E30070890A /* Supporting Files */,
			);
			path = RUQTabbedScrollView;
			sourceTree = "<group>";
		};
		55EC73381B9401E30070890A /* Supporting Files */ = {
			isa = PBXGroup;
			children = (
				55EC73391B9401E30070890A /* Info.plist */,
				55EC733A1B9401E30070890A /* main.m */,
			);
			name = "Supporting Files";
			sourceTree = "<group>";
		};
		55EC73511B9401E40070890A /* RUQTabbedScrollViewTests */ = {
			isa = PBXGroup;
			children = (
				55EC73541B9401E40070890A /* RUQTabbedScrollViewTests.m */,
				55EC73521B9401E40070890A /* Supporting Files */,
			);
			path = RUQTabbedScrollViewTests;
			sourceTree = "<group>";
		};
		55EC73521B9401E40070890A /* Supporting Files */ = {
			isa = PBXGroup;
			children = (
				55EC73531B9401E40070890A /* Info.plist */,
			);
			name = "Supporting Files";
			sourceTree = "<group>";
		};
/* End PBXGroup section */

/* Begin PBXNativeTarget section */
		55EC73341B9401E30070890A /* RUQTabbedScrollView */ = {
			isa = PBXNativeTarget;
			buildConfigurationList = 55EC73581B9401E40070890A /* Build configuration list for PBXNativeTarget "RUQTabbedScrollView" */;
			buildPhases = (
				55EC73311B9401E30070890A /* Sources */,
				55EC73321B9401E30070890A /* Frameworks */,
				55EC73331B9401E30070890A /* Resources */,
			);
			buildRules = (
			);
			dependencies = (
			);
			name = RUQTabbedScrollView;
			productName = RUQTabbedScrollView;
			productReference = 55EC73351B9401E30070890A /* RUQTabbedScrollView.app */;
			productType = "com.apple.product-type.application";
		};
		55EC734D1B9401E40070890A /* RUQTabbedScrollViewTests */ = {
			isa = PBXNativeTarget;
			buildConfigurationList = 55EC735B1B9401E40070890A /* Build configuration list for PBXNativeTarget "RUQTabbedScrollViewTests" */;
			buildPhases = (
				55EC734A1B9401E40070890A /* Sources */,
				55EC734B1B9401E40070890A /* Frameworks */,
				55EC734C1B9401E40070890A /* Resources */,
			);
			buildRules = (
			);
			dependencies = (
				55EC73501B9401E40070890A /* PBXTargetDependency */,
			);
			name = RUQTabbedScrollViewTests;
			productName = RUQTabbedScrollViewTests;
			productReference = 55EC734E1B9401E40070890A /* RUQTabbedScrollViewTests.xctest */;
			productType = "com.apple.product-type.bundle.unit-test";
		};
/* End PBXNativeTarget section */

/* Begin PBXProject section */
		55EC732D1B9401E30070890A /* Project object */ = {
			isa = PBXProject;
			attributes = {
				LastUpgradeCheck = 0640;
				ORGANIZATIONNAME = "RUQI LI";
				TargetAttributes = {
					55EC73341B9401E30070890A = {
						CreatedOnToolsVersion = 6.4;
					};
					55EC734D1B9401E40070890A = {
						CreatedOnToolsVersion = 6.4;
						TestTargetID = 55EC73341B9401E30070890A;
					};
				};
			};
			buildConfigurationList = 55EC73301B9401E30070890A /* Build configuration list for PBXProject "RUQTabbedScrollView" */;
			compatibilityVersion = "Xcode 3.2";
			developmentRegion = English;
			hasScannedForEncodings = 0;
			knownRegions = (
				en,
				Base,
			);
			mainGroup = 55EC732C1B9401E30070890A;
			productRefGroup = 55EC73361B9401E30070890A /* Products */;
			projectDirPath = "";
			projectRoot = "";
			targets = (
				55EC73341B9401E30070890A /* RUQTabbedScrollView */,
				55EC734D1B9401E40070890A /* RUQTabbedScrollViewTests */,
			);
		};
/* End PBXProject section */

/* Begin PBXResourcesBuildPhase section */
		55EC73331B9401E30070890A /* Resources */ = {
			isa = PBXResourcesBuildPhase;
			buildActionMask = 2147483647;
			files = (
				55EC73441B9401E40070890A /* Main.storyboard in Resources */,
				55EC73491B9401E40070890A /* LaunchScreen.xib in Resources */,
				55EC73461B9401E40070890A /* Images.xcassets in Resources */,
			);
			runOnlyForDeploymentPostprocessing = 0;
		};
		55EC734C1B9401E40070890A /* Resources */ = {
			isa = PBXResourcesBuildPhase;
			buildActionMask = 2147483647;
			files = (
			);
			runOnlyForDeploymentPostprocessing = 0;
		};
/* End PBXResourcesBuildPhase section */

/* Begin PBXSourcesBuildPhase section */
		55EC73311B9401E30070890A /* Sources */ = {
			isa = PBXSourcesBuildPhase;
			buildActionMask = 2147483647;
			files = (
				55EC73411B9401E30070890A /* ViewController.m in Sources */,
				55EC733E1B9401E30070890A /* AppDelegate.m in Sources */,
				55EC733B1B9401E30070890A /* main.m in Sources */,
			);
			runOnlyForDeploymentPostprocessing = 0;
		};
		55EC734A1B9401E40070890A /* Sources */ = {
			isa = PBXSourcesBuildPhase;
			buildActionMask = 2147483647;
			files = (
				55EC73551B9401E40070890A /* RUQTabbedScrollViewTests.m in Sources */,
			);
			runOnlyForDeploymentPostprocessing = 0;
		};
/* End PBXSourcesBuildPhase section */

/* Begin PBXTargetDependency section */
		55EC73501B9401E40070890A /* PBXTargetDependency */ = {
			isa = PBXTargetDependency;
			target = 55EC73341B9401E30070890A /* RUQTabbedScrollView */;
			targetProxy = 55EC734F1B9401E40070890A /* PBXContainerItemProxy */;
		};
/* End PBXTargetDependency section */

/* Begin PBXVariantGroup section */
		55EC73421B9401E40070890A /* Main.storyboard */ = {
			isa = PBXVariantGroup;
			children = (
				55EC73431B9401E40070890A /* Base */,
			);
			name = Main.storyboard;
			sourceTree = "<group>";
		};
		55EC73471B9401E40070890A /* LaunchScreen.xib */ = {
			isa = PBXVariantGroup;
			children = (
				55EC73481B9401E40070890A /* Base */,
			);
			name = LaunchScreen.xib;
			sourceTree = "<group>";
		};
/* End PBXVariantGroup section */

/* Begin XCBuildConfiguration section */
		55EC73561B9401E40070890A /* Debug */ = {
			isa = XCBuildConfiguration;
			buildSettings = {
				ALWAYS_SEARCH_USER_PATHS = NO;
				CLANG_CXX_LANGUAGE_STANDARD = "gnu++0x";
				CLANG_CXX_LIBRARY = "libc++";
				CLANG_ENABLE_MODULES = YES;
				CLANG_ENABLE_OBJC_ARC = YES;
				CLANG_WARN_BOOL_CONVERSION = YES;
				CLANG_WARN_CONSTANT_CONVERSION = YES;
				CLANG_WARN_DIRECT_OBJC_ISA_USAGE = YES_ERROR;
				CLANG_WARN_EMPTY_BODY = YES;
				CLANG_WARN_ENUM_CONVERSION = YES;
				CLANG_WARN_INT_CONVERSION = YES;
				CLANG_WARN_OBJC_ROOT_CLASS = YES_ERROR;
				CLANG_WARN_UNREACHABLE_CODE = YES;
				CLANG_WARN__DUPLICATE_METHOD_MATCH = YES;
				"CODE_SIGN_IDENTITY[sdk=iphoneos*]" = "iPhone Developer";
				COPY_PHASE_STRIP = NO;
				DEBUG_INFORMATION_FORMAT = "dwarf-with-dsym";
				ENABLE_STRICT_OBJC_MSGSEND = YES;
				GCC_C_LANGUAGE_STANDARD = gnu99;
				GCC_DYNAMIC_NO_PIC = NO;
				GCC_NO_COMMON_BLOCKS = YES;
				GCC_OPTIMIZATION_LEVEL = 0;
				GCC_PREPROCESSOR_DEFINITIONS = (
					"DEBUG=1",
					"$(inherited)",
				);
				GCC_SYMBOLS_PRIVATE_EXTERN = NO;
				GCC_WARN_64_TO_32_BIT_CONVERSION = YES;
				GCC_WARN_ABOUT_RETURN_TYPE = YES_ERROR;
				GCC_WARN_UNDECLARED_SELECTOR = YES;
				GCC_WARN_UNINITIALIZED_AUTOS = YES_AGGRESSIVE;
				GCC_WARN_UNUSED_FUNCTION = YES;
				GCC_WARN_UNUSED_VARIABLE = YES;
				IPHONEOS_DEPLOYMENT_TARGET = 8.4;
				MTL_ENABLE_DEBUG_INFO = YES;
				ONLY_ACTIVE_ARCH = YES;
				SDKROOT = iphoneos;
			};
			name = Debug;
		};
		55EC73571B9401E40070890A /* Release */ = {
			isa = XCBuildConfiguration;
			buildSettings = {
				ALWAYS_SEARCH_USER_PATHS = NO;
				CLANG_CXX_LANGUAGE_STANDARD = "gnu++0x";
				CLANG_CXX_LIBRARY = "libc++";
				CLANG_ENABLE_MODULES = YES;
				CLANG_ENABLE_OBJC_ARC = YES;
				CLANG_WARN_BOOL_CONVERSION = YES;
				CLANG_WARN_CONSTANT_CONVERSION = YES;
				CLANG_WARN_DIRECT_OBJC_ISA_USAGE = YES_ERROR;
				CLANG_WARN_EMPTY_BODY = YES;
				CLANG_WARN_ENUM_CONVERSION = YES;
				CLANG_WARN_INT_CONVERSION = YES;
				CLANG_WARN_OBJC_ROOT_CLASS = YES_ERROR;
				CLANG_WARN_UNREACHABLE_CODE = YES;
				CLANG_WARN__DUPLICATE_METHOD_MATCH = YES;
				"CODE_SIGN_IDENTITY[sdk=iphoneos*]" = "iPhone Developer";
				COPY_PHASE_STRIP = NO;
				DEBUG_INFORMATION_FORMAT = "dwarf-with-dsym";
				ENABLE_NS_ASSERTIONS = NO;
				ENABLE_STRICT_OBJC_MSGSEND = YES;
				GCC_C_LANGUAGE_STANDARD = gnu99;
				GCC_NO_COMMON_BLOCKS = YES;
				GCC_WARN_64_TO_32_BIT_CONVERSION = YES;
				GCC_WARN_ABOUT_RETURN_TYPE = YES_ERROR;
				GCC_WARN_UNDECLARED_SELECTOR = YES;
				GCC_WARN_UNINITIALIZED_AUTOS = YES_AGGRESSIVE;
				GCC_WARN_UNUSED_FUNCTION = YES;
				GCC_WARN_UNUSED_VARIABLE = YES;
				IPHONEOS_DEPLOYMENT_TARGET = 8.4;
				MTL_ENABLE_DEBUG_INFO = NO;
				SDKROOT = iphoneos;
				VALIDATE_PRODUCT = YES;
			};
			name = Release;
		};
		55EC73591B9401E40070890A /* Debug */ = {
			isa = XCBuildConfiguration;
			buildSettings = {
				ASSETCATALOG_COMPILER_APPICON_NAME = AppIcon;
				INFOPLIST_FILE = RUQTabbedScrollView/Info.plist;
				LD_RUNPATH_SEARCH_PATHS = "$(inherited) @executable_path/Frameworks";
				PRODUCT_NAME = "$(TARGET_NAME)";
			};
			name = Debug;
		};
		55EC735A1B9401E40070890A /* Release */ = {
			isa = XCBuildConfiguration;
			buildSettings = {
				ASSETCATALOG_COMPILER_APPICON_NAME = AppIcon;
				INFOPLIST_FILE = RUQTabbedScrollView/Info.plist;
				LD_RUNPATH_SEARCH_PATHS = "$(inherited) @executable_path/Frameworks";
				PRODUCT_NAME = "$(TARGET_NAME)";
			};
			name = Release;
		};
		55EC735C1B9401E40070890A /* Debug */ = {
			isa = XCBuildConfiguration;
			buildSettings = {
				BUNDLE_LOADER = "$(TEST_HOST)";
				FRAMEWORK_SEARCH_PATHS = (
					"$(SDKROOT)/Developer/Library/Frameworks",
					"$(inherited)",
				);
				GCC_PREPROCESSOR_DEFINITIONS = (
					"DEBUG=1",
					"$(inherited)",
				);
				INFOPLIST_FILE = RUQTabbedScrollViewTests/Info.plist;
				LD_RUNPATH_SEARCH_PATHS = "$(inherited) @executable_path/Frameworks @loader_path/Frameworks";
				PRODUCT_NAME = "$(TARGET_NAME)";
				TEST_HOST = "$(BUILT_PRODUCTS_DIR)/RUQTabbedScrollView.app/RUQTabbedScrollView";
			};
			name = Debug;
		};
		55EC735D1B9401E40070890A /* Release */ = {
			isa = XCBuildConfiguration;
			buildSettings = {
				BUNDLE_LOADER = "$(TEST_HOST)";
				FRAMEWORK_SEARCH_PATHS = (
					"$(SDKROOT)/Developer/Library/Frameworks",
					"$(inherited)",
				);
				INFOPLIST_FILE = RUQTabbedScrollViewTests/Info.plist;
				LD_RUNPATH_SEARCH_PATHS = "$(inherited) @executable_path/Frameworks @loader_path/Frameworks";
				PRODUCT_NAME = "$(TARGET_NAME)";
				TEST_HOST = "$(BUILT_PRODUCTS_DIR)/RUQTabbedScrollView.app/RUQTabbedScrollView";
			};
			name = Release;
		};
/* End XCBuildConfiguration section */

/* Begin XCConfigurationList section */
		55EC73301B9401E30070890A /* Build configuration list for PBXProject "RUQTabbedScrollView" */ = {
			isa = XCConfigurationList;
			buildConfigurations = (
				55EC73561B9401E40070890A /* Debug */,
				55EC73571B9401E40070890A /* Release */,
			);
			defaultConfigurationIsVisible = 0;
			defaultConfigurationName = Release;
		};
		55EC73581B9401E40070890A /* Build configuration list for PBXNativeTarget "RUQTabbedScrollView" */ = {
			isa = XCConfigurationList;
			buildConfigurations = (
				55EC73591B9401E40070890A /* Debug */,
				55EC735A1B9401E40070890A /* Release */,
			);
			defaultConfigurationIsVisible = 0;
		};
		55EC735B1B9401E40070890A /* Build configuration list for PBXNativeTarget "RUQTabbedScrollViewTests" */ = {
			isa = XCConfigurationList;
			buildConfigurations = (
				55EC735C1B9401E40070890A /* Debug */,
				55EC735D1B9401E40070890A /* Release */,
			);
			defaultConfigurationIsVisible = 0;
		};
/* End XCConfigurationList section */
	};
	rootObject = 55EC732D1B9401E30070890A /* Project object */;
}
